
Microsoft Visual Studio Solution File, Format Version 12.00
# Visual Studio 14
VisualStudioVersion = 14.0.25420.1
MinimumVisualStudioVersion = 10.0.40219.1
Project("{FAE04EC0-301F-11D3-BF4B-00C04F79EFBC}") = "TASMA", "TASMA\TASMA.csproj", "{68360DF1-47E4-4BC2-B5ED-560F402D9EBA}"
EndProject
Project("{54435603-DBB4-11D2-8724-00A0C9A8B90C}") = "TASMA-Beta", "TASMA-Beta\TASMA-Beta.vdproj", "{82137EDB-F055-4B59-85A6-2865F55AE3BB}"
EndProject
Global
	GlobalSection(SolutionConfigurationPlatforms) = preSolution
		Debug|Any CPU = Debug|Any CPU
		Release|Any CPU = Release|Any CPU
	EndGlobalSection
	GlobalSection(ProjectConfigurationPlatforms) = postSolution
		{68360DF1-47E4-4BC2-B5ED-560F402D9EBA}.Debug|Any CPU.ActiveCfg = Debug|Any CPU
		{68360DF1-47E4-4BC2-B5ED-560F402D9EBA}.Debug|Any CPU.Build.0 = Debug|Any CPU
		{68360DF1-47E4-4BC2-B5ED-560F402D9EBA}.Release|Any CPU.ActiveCfg = Release|Any CPU
		{68360DF1-47E4-4BC2-B5ED-560F402D9EBA}.Release|Any CPU.Build.0 = Release|Any CPU
		{82137EDB-F055-4B59-85A6-2865F55AE3BB}.Debug|Any CPU.ActiveCfg = Debug
		{82137EDB-F055-4B59-85A6-2865F55AE3BB}.Release|Any CPU.ActiveCfg = Release
	EndGlobalSection
	GlobalSection(SolutionProperties) = preSolution
		HideSolutionNode = FALSE
	EndGlobalSection
EndGlobal
